// !$*UTF8*$!
{
	archiveVersion = 1;
	classes = {
	};
	objectVersion = 50;
	objects = {

/* Begin PBXBuildFile section */
		580612222149A07C001FA920 /* AppDelegate.swift in Sources */ = {isa = PBXBuildFile; fileRef = 580612212149A07C001FA920 /* AppDelegate.swift */; };
		580612242149A07C001FA920 /* ColorPresenterVC.swift in Sources */ = {isa = PBXBuildFile; fileRef = 580612232149A07C001FA920 /* ColorPresenterVC.swift */; };
		580612272149A07D001FA920 /* Main.storyboard in Resources */ = {isa = PBXBuildFile; fileRef = 580612252149A07D001FA920 /* Main.storyboard */; };
		580612292149A07F001FA920 /* Assets.xcassets in Resources */ = {isa = PBXBuildFile; fileRef = 580612282149A07F001FA920 /* Assets.xcassets */; };
		5806122C2149A07F001FA920 /* LaunchScreen.storyboard in Resources */ = {isa = PBXBuildFile; fileRef = 5806122A2149A07F001FA920 /* LaunchScreen.storyboard */; };
		580612342149A816001FA920 /* ColorPickerVC.swift in Sources */ = {isa = PBXBuildFile; fileRef = 580612332149A816001FA920 /* ColorPickerVC.swift */; };
		58635E512149ABD500925B38 /* ColorTransferDelegate.swift in Sources */ = {isa = PBXBuildFile; fileRef = 58635E502149ABD500925B38 /* ColorTransferDelegate.swift */; };
/* End PBXBuildFile section */

/* Begin PBXFileReference section */
		5806121E2149A07C001FA920 /* Protocol Color-Magic.app */ = {isa = PBXFileReference; explicitFileType = wrapper.application; includeInIndex = 0; path = "Protocol Color-Magic.app"; sourceTree = BUILT_PRODUCTS_DIR; };
		580612212149A07C001FA920 /* AppDelegate.swift */ = {isa = PBXFileReference; lastKnownFileType = sourcecode.swift; path = AppDelegate.swift; sourceTree = "<group>"; };
		580612232149A07C001FA920 /* ColorPresenterVC.swift */ = {isa = PBXFileReference; lastKnownFileType = sourcecode.swift; path = ColorPresenterVC.swift; sourceTree = "<group>"; };
		580612262149A07D001FA920 /* Base */ = {isa = PBXFileReference; lastKnownFileType = file.storyboard; name = Base; path = Base.lproj/Main.storyboard; sourceTree = "<group>"; };
		580612282149A07F001FA920 /* Assets.xcassets */ = {isa = PBXFileReference; lastKnownFileType = folder.assetcatalog; path = Assets.xcassets; sourceTree = "<group>"; };
		5806122B2149A07F001FA920 /* Base */ = {isa = PBXFileReference; lastKnownFileType = file.storyboard; name = Base; path = Base.lproj/LaunchScreen.storyboard; sourceTree = "<group>"; };
		5806122D2149A07F001FA920 /* Info.plist */ = {isa = PBXFileReference; lastKnownFileType = text.plist.xml; path = Info.plist; sourceTree = "<group>"; };
		580612332149A816001FA920 /* ColorPickerVC.swift */ = {isa = PBXFileReference; lastKnownFileType = sourcecode.swift; path = ColorPickerVC.swift; sourceTree = "<group>"; };
		58635E502149ABD500925B38 /* ColorTransferDelegate.swift */ = {isa = PBXFileReference; lastKnownFileType = sourcecode.swift; path = ColorTransferDelegate.swift; sourceTree = "<group>"; };
/* End PBXFileReference section */

/* Begin PBXFrameworksBuildPhase section */
		5806121B2149A07C001FA920 /* Frameworks */ = {
			isa = PBXFrameworksBuildPhase;
			buildActionMask = 2147483647;
			files = (
			);
			runOnlyForDeploymentPostprocessing = 0;
		};
/* End PBXFrameworksBuildPhase section */

/* Begin PBXGroup section */
		580612152149A07C001FA920 = {
			isa = PBXGroup;
			children = (
				580612202149A07C001FA920 /* Protocol Color-Magic */,
				5806121F2149A07C001FA920 /* Products */,
			);
			sourceTree = "<group>";
		};
		5806121F2149A07C001FA920 /* Products */ = {
			isa = PBXGroup;
			children = (
				5806121E2149A07C001FA920 /* Protocol Color-Magic.app */,
			);
			name = Products;
			sourceTree = "<group>";
		};
		580612202149A07C001FA920 /* Protocol Color-Magic */ = {
			isa = PBXGroup;
			children = (
				580612212149A07C001FA920 /* AppDelegate.swift */,
				580612232149A07C001FA920 /* ColorPresenterVC.swift */,
				580612252149A07D001FA920 /* Main.storyboard */,
				580612282149A07F001FA920 /* Assets.xcassets */,
				5806122A2149A07F001FA920 /* LaunchScreen.storyboard */,
				5806122D2149A07F001FA920 /* Info.plist */,
				580612332149A816001FA920 /* ColorPickerVC.swift */,
				58635E502149ABD500925B38 /* ColorTransferDelegate.swift */,
			);
			path = "Protocol Color-Magic";
			sourceTree = "<group>";
		};
/* End PBXGroup section */

/* Begin PBXNativeTarget section */
		5806121D2149A07C001FA920 /* Protocol Color-Magic */ = {
			isa = PBXNativeTarget;
			buildConfigurationList = 580612302149A07F001FA920 /* Build configuration list for PBXNativeTarget "Protocol Color-Magic" */;
			buildPhases = (
				5806121A2149A07C001FA920 /* Sources */,
				5806121B2149A07C001FA920 /* Frameworks */,
				5806121C2149A07C001FA920 /* Resources */,
			);
			buildRules = (
			);
			dependencies = (
			);
			name = "Protocol Color-Magic";
			productName = "Protocol Color-Magic";
			productReference = 5806121E2149A07C001FA920 /* Protocol Color-Magic.app */;
			productType = "com.apple.product-type.application";
		};
/* End PBXNativeTarget section */

/* Begin PBXProject section */
		580612162149A07C001FA920 /* Project object */ = {
			isa = PBXProject;
			attributes = {
				LastSwiftUpdateCheck = 1000;
				LastUpgradeCheck = 1000;
				ORGANIZATIONNAME = "Weston Gibler";
				TargetAttributes = {
					5806121D2149A07C001FA920 = {
						CreatedOnToolsVersion = 10.0;
					};
				};
			};
			buildConfigurationList = 580612192149A07C001FA920 /* Build configuration list for PBXProject "Protocol Color-Magic" */;
			compatibilityVersion = "Xcode 9.3";
			developmentRegion = en;
			hasScannedForEncodings = 0;
			knownRegions = (
				en,
				Base,
			);
			mainGroup = 580612152149A07C001FA920;
			productRefGroup = 5806121F2149A07C001FA920 /* Products */;
			projectDirPath = "";
			projectRoot = "";
			targets = (
				5806121D2149A07C001FA920 /* Protocol Color-Magic */,
			);
		};
/* End PBXProject section */

/* Begin PBXResourcesBuildPhase section */
		5806121C2149A07C001FA920 /* Resources */ = {
			isa = PBXResourcesBuildPhase;
			buildActionMask = 2147483647;
			files = (
				5806122C2149A07F001FA920 /* LaunchScreen.storyboard in Resources */,
				580612292149A07F001FA920 /* Assets.xcassets in Resources */,
				580612272149A07D001FA920 /* Main.storyboard in Resources */,
			);
			runOnlyForDeploymentPostprocessing = 0;
		};
/* End PBXResourcesBuildPhase section */

/* Begin PBXSourcesBuildPhase section */
		5806121A2149A07C001FA920 /* Sources */ = {
			isa = PBXSourcesBuildPhase;
			buildActionMask = 2147483647;
			files = (
				580612242149A07C001FA920 /* ColorPresenterVC.swift in Sources */,
				58635E512149ABD500925B38 /* ColorTransferDelegate.swift in Sources */,
				580612342149A816001FA920 /* ColorPickerVC.swift in Sources */,
				580612222149A07C001FA920 /* AppDelegate.swift in Sources */,
			);
			runOnlyForDeploymentPostprocessing = 0;
		};
/* End PBXSourcesBuildPhase section */

/* Begin PBXVariantGroup section */
		580612252149A07D001FA920 /* Main.storyboard */ = {
			isa = PBXVariantGroup;
			children = (
				580612262149A07D001FA920 /* Base */,
			);
			name = Main.storyboard;
			sourceTree = "<group>";
		};
		5806122A2149A07F001FA920 /* LaunchScreen.storyboard */ = {
			isa = PBXVariantGroup;
			children = (
				5806122B2149A07F001FA920 /* Base */,
			);
			name = LaunchScreen.storyboard;
			sourceTree = "<group>";
		};
/* End PBXVariantGroup section */

/* Begin XCBuildConfiguration section */
		5806122E2149A07F001FA920 /* Debug */ = {
			isa = XCBuildConfiguration;
			buildSettings = {
				ALWAYS_SEARCH_USER_PATHS = NO;
				CLANG_ANALYZER_NONNULL = YES;
				CLANG_ANALYZER_NUMBER_OBJECT_CONVERSION = YES_AGGRESSIVE;
				CLANG_CXX_LANGUAGE_STANDARD = "gnu++14";
				CLANG_CXX_LIBRARY = "libc++";
				CLANG_ENABLE_MODULES = YES;
				CLANG_ENABLE_OBJC_ARC = YES;
				CLANG_ENABLE_OBJC_WEAK = YES;
				CLANG_WARN_BLOCK_CAPTURE_AUTORELEASING = YES;
				CLANG_WARN_BOOL_CONVERSION = YES;
				CLANG_WARN_COMMA = YES;
				CLANG_WARN_CONSTANT_CONVERSION = YES;
				CLANG_WARN_DEPRECATED_OBJC_IMPLEMENTATIONS = YES;
				CLANG_WARN_DIRECT_OBJC_ISA_USAGE = YES_ERROR;
				CLANG_WARN_DOCUMENTATION_COMMENTS = YES;
				CLANG_WARN_EMPTY_BODY = YES;
				CLANG_WARN_ENUM_CONVERSION = YES;
				CLANG_WARN_INFINITE_RECURSION = YES;
				CLANG_WARN_INT_CONVERSION = YES;
				CLANG_WARN_NON_LITERAL_NULL_CONVERSION = YES;
				CLANG_WARN_OBJC_IMPLICIT_RETAIN_SELF = YES;
				CLANG_WARN_OBJC_LITERAL_CONVERSION = YES;
				CLANG_WARN_OBJC_ROOT_CLASS = YES_ERROR;
				CLANG_WARN_RANGE_LOOP_ANALYSIS = YES;
				CLANG_WARN_STRICT_PROTOTYPES = YES;
				CLANG_WARN_SUSPICIOUS_MOVE = YES;
				CLANG_WARN_UNGUARDED_AVAILABILITY = YES_AGGRESSIVE;
				CLANG_WARN_UNREACHABLE_CODE = YES;
				CLANG_WARN__DUPLICATE_METHOD_MATCH = YES;
				CODE_SIGN_IDENTITY = "iPhone Developer";
				COPY_PHASE_STRIP = NO;
				DEBUG_INFORMATION_FORMAT = dwarf;
				ENABLE_STRICT_OBJC_MSGSEND = YES;
				ENABLE_TESTABILITY = YES;
				GCC_C_LANGUAGE_STANDARD = gnu11;
				GCC_DYNAMIC_NO_PIC = NO;
				GCC_NO_COMMON_BLOCKS = YES;
				GCC_OPTIMIZATION_LEVEL = 0;
				GCC_PREPROCESSOR_DEFINITIONS = (
					"DEBUG=1",
					"$(inherited)",
				);
				GCC_WARN_64_TO_32_BIT_CONVERSION = YES;
				GCC_WARN_ABOUT_RETURN_TYPE = YES_ERROR;
				GCC_WARN_UNDECLARED_SELECTOR = YES;
				GCC_WARN_UNINITIALIZED_AUTOS = YES_AGGRESSIVE;
				GCC_WARN_UNUSED_FUNCTION = YES;
				GCC_WARN_UNUSED_VARIABLE = YES;
				IPHONEOS_DEPLOYMENT_TARGET = 12.0;
				MTL_ENABLE_DEBUG_INFO = INCLUDE_SOURCE;
				MTL_FAST_MATH = YES;
				ONLY_ACTIVE_ARCH = YES;
				SDKROOT = iphoneos;
				SWIFT_ACTIVE_COMPILATION_CONDITIONS = DEBUG;
				SWIFT_OPTIMIZATION_LEVEL = "-Onone";
			};
			name = Debug;
		};
		5806122F2149A07F001FA920 /* Release */ = {
			isa = XCBuildConfiguration;
			buildSettings = {
				ALWAYS_SEARCH_USER_PATHS = NO;
				CLANG_ANALYZER_NONNULL = YES;
				CLANG_ANALYZER_NUMBER_OBJECT_CONVERSION = YES_AGGRESSIVE;
				CLANG_CXX_LANGUAGE_STANDARD = "gnu++14";
				CLANG_CXX_LIBRARY = "libc++";
				CLANG_ENABLE_MODULES = YES;
				CLANG_ENABLE_OBJC_ARC = YES;
				CLANG_ENABLE_OBJC_WEAK = YES;
				CLANG_WARN_BLOCK_CAPTURE_AUTORELEASING = YES;
				CLANG_WARN_BOOL_CONVERSION = YES;
				CLANG_WARN_COMMA = YES;
				CLANG_WARN_CONSTANT_CONVERSION = YES;
				CLANG_WARN_DEPRECATED_OBJC_IMPLEMENTATIONS = YES;
				CLANG_WARN_DIRECT_OBJC_ISA_USAGE = YES_ERROR;
				CLANG_WARN_DOCUMENTATION_COMMENTS = YES;
				CLANG_WARN_EMPTY_BODY = YES;
				CLANG_WARN_ENUM_CONVERSION = YES;
				CLANG_WARN_INFINITE_RECURSION = YES;
				CLANG_WARN_INT_CONVERSION = YES;
				CLANG_WARN_NON_LITERAL_NULL_CONVERSION = YES;
				CLANG_WARN_OBJC_IMPLICIT_RETAIN_SELF = YES;
				CLANG_WARN_OBJC_LITERAL_CONVERSION = YES;
				CLANG_WARN_OBJC_ROOT_CLASS = YES_ERROR;
				CLANG_WARN_RANGE_LOOP_ANALYSIS = YES;
				CLANG_WARN_STRICT_PROTOTYPES = YES;
				CLANG_WARN_SUSPICIOUS_MOVE = YES;
				CLANG_WARN_UNGUARDED_AVAILABILITY = YES_AGGRESSIVE;
				CLANG_WARN_UNREACHABLE_CODE = YES;
				CLANG_WARN__DUPLICATE_METHOD_MATCH = YES;
				CODE_SIGN_IDENTITY = "iPhone Developer";
				COPY_PHASE_STRIP = NO;
				DEBUG_INFORMATION_FORMAT = "dwarf-with-dsym";
				ENABLE_NS_ASSERTIONS = NO;
				ENABLE_STRICT_OBJC_MSGSEND = YES;
				GCC_C_LANGUAGE_STANDARD = gnu11;
				GCC_NO_COMMON_BLOCKS = YES;
				GCC_WARN_64_TO_32_BIT_CONVERSION = YES;
				GCC_WARN_ABOUT_RETURN_TYPE = YES_ERROR;
				GCC_WARN_UNDECLARED_SELECTOR = YES;
				GCC_WARN_UNINITIALIZED_AUTOS = YES_AGGRESSIVE;
				GCC_WARN_UNUSED_FUNCTION = YES;
				GCC_WARN_UNUSED_VARIABLE = YES;
				IPHONEOS_DEPLOYMENT_TARGET = 12.0;
				MTL_ENABLE_DEBUG_INFO = NO;
				MTL_FAST_MATH = YES;
				SDKROOT = iphoneos;
				SWIFT_COMPILATION_MODE = wholemodule;
				SWIFT_OPTIMIZATION_LEVEL = "-O";
				VALIDATE_PRODUCT = YES;
			};
			name = Release;
		};
		580612312149A07F001FA920 /* Debug */ = {
			isa = XCBuildConfiguration;
			buildSettings = {
				ASSETCATALOG_COMPILER_APPICON_NAME = AppIcon;
				CODE_SIGN_STYLE = Automatic;
				DEVELOPMENT_TEAM = JB4UT3447V;
				INFOPLIST_FILE = "Protocol Color-Magic/Info.plist";
				IPHONEOS_DEPLOYMENT_TARGET = 11.4;
				LD_RUNPATH_SEARCH_PATHS = (
					"$(inherited)",
					"@executable_path/Frameworks",
				);
				PRODUCT_BUNDLE_IDENTIFIER = "com.westongibler.Protocol-Color-Magic";
				PRODUCT_NAME = "$(TARGET_NAME)";
				SWIFT_VERSION = 4.2;
				TARGETED_DEVICE_FAMILY = 1;
			};
			name = Debug;
		};
		580612322149A07F001FA920 /* Release */ = {
			isa = XCBuildConfiguration;
			buildSettings = {
				ASSETCATALOG_COMPILER_APPICON_NAME = AppIcon;
				CODE_SIGN_STYLE = Automatic;
				DEVELOPMENT_TEAM = JB4UT3447V;
				INFOPLIST_FILE = "Protocol Color-Magic/Info.plist";
				IPHONEOS_DEPLOYMENT_TARGET = 11.4;
				LD_RUNPATH_SEARCH_PATHS = (
					"$(inherited)",
					"@executable_path/Frameworks",
				);
				PRODUCT_BUNDLE_IDENTIFIER = "com.westongibler.Protocol-Color-Magic";
				PRODUCT_NAME = "$(TARGET_NAME)";
				SWIFT_VERSION = 4.2;
				TARGETED_DEVICE_FAMILY = 1;
			};
			name = Release;
		};
/* End XCBuildConfiguration section */

/* Begin XCConfigurationList section */
		580612192149A07C001FA920 /* Build configuration list for PBXProject "Protocol Color-Magic" */ = {
			isa = XCConfigurationList;
			buildConfigurations = (
				5806122E2149A07F001FA920 /* Debug */,
				5806122F2149A07F001FA920 /* Release */,
			);
			defaultConfigurationIsVisible = 0;
			defaultConfigurationName = Release;
		};
		580612302149A07F001FA920 /* Build configuration list for PBXNativeTarget "Protocol Color-Magic" */ = {
			isa = XCConfigurationList;
			buildConfigurations = (
				580612312149A07F001FA920 /* Debug */,
				580612322149A07F001FA920 /* Release */,
			);
			defaultConfigurationIsVisible = 0;
			defaultConfigurationName = Release;
		};
/* End XCConfigurationList section */
	};
	rootObject = 580612162149A07C001FA920 /* Project object */;
}
